
Microsoft Visual Studio Solution File, Format Version 12.00
# Visual Studio Version 16
VisualStudioVersion = 16.0.32228.343
MinimumVisualStudioVersion = 10.0.40219.1
Project("{FAE04EC0-301F-11D3-BF4B-00C04F79EFBC}") = "Code_Linea", "Code_Linea.csproj", "{6129A426-DC26-4C17-83A5-B3DA0DDDE27A}"
EndProject
Global
	GlobalSection(SolutionConfigurationPlatforms) = preSolution
		Debug|Any CPU = Debug|Any CPU
		Release|Any CPU = Release|Any CPU
	EndGlobalSection
	GlobalSection(ProjectConfigurationPlatforms) = postSolution
		{6129A426-DC26-4C17-83A5-B3DA0DDDE27A}.Debug|Any CPU.ActiveCfg = Debug|Any CPU
		{6129A426-DC26-4C17-83A5-B3DA0DDDE27A}.Debug|Any CPU.Build.0 = Debug|Any CPU
		{6129A426-DC26-4C17-83A5-B3DA0DDDE27A}.Release|Any CPU.ActiveCfg = Release|Any CPU
		{6129A426-DC26-4C17-83A5-B3DA0DDDE27A}.Release|Any CPU.Build.0 = Release|Any CPU
	EndGlobalSection
	GlobalSection(SolutionProperties) = preSolution
		HideSolutionNode = FALSE
	EndGlobalSection
	GlobalSection(ExtensibilityGlobals) = postSolution
		SolutionGuid = {2E3FD4B7-899D-4853-8C63-40EFAAE1F2FE}
	EndGlobalSection
EndGlobal
